{
    "_meta": {
        "hash": {
            "sha256": "920fc2f32467f8d64946db148d7e2c071a4d6db44a8475f353e35e195d96a122"
        },
        "pipfile-spec": 6,
        "requires": {
            "python_version": "3.6"
        },
        "sources": [
            {
                "name": "pypi",
                "url": "https://pypi.org/simple",
                "verify_ssl": true
            }
        ]
    },
    "default": {
        "schematics": {
            "hashes": [
                "sha256:8fcc6182606fd0b24410a1dbb066d9bbddbe8da9c9509f47b743495706239283",
                "sha256:a40b20635c0e43d18d3aff76220f6cd95ea4decb3f37765e49529b17d81b0439"
            ],
            "index": "pypi",
            "version": "==2.1.0"
        }
    },
    "develop": {
        "xmltojson": {
            "editable": true,
            "git": "https://github.com/Diggsey/python-xmltojson.git",
            "ref": "50f57a8a07b0bfbbf1b85d32335dfede950ca328"
        }
    }
}
